{
  "version": 4,
  "terraform_version": "1.5.1",
  "serial": 62,
  "lineage": "4f139552-ecde-da48-afcf-e5695d97a242",
  "outputs": {
    "instance_id": {
      "value": "18.228.228.53",
      "type": "string"
    },
    "private_key": {
      "value": "-----BEGIN RSA PRIVATE KEY-----\nMIIJKQIBAAKCAgEAwS0X80YCwKCKgHokosEwy1YI8pOUJz7ixnEZjOetqBETpyJz\nwjDNP7Wu8q8hmrGtaHON7if1NAFLpbqpe+qm1Wv4vMjcrJ03O7DgSwzx/u+24EpI\nBv7nJyfbfJHNe8uh0aMfl3YbFG2B7ZyJBF88cyFXBAcc+0hPW54FpWLUXOAa7Dg1\n9L7/mbCJTEdHWqeYjy3LquQHm4pP38B5ZkD2/cKc+EjkxYmyXwFWRwPjPRhVIkDI\n+gLasgBKjBh05KbtfvcBIWmgDWHXaMmpZUDJzfu7y0psn6nEO1XC9wHkyOk3nxrh\nh9XOXlXTNtFj5ZB5jmBpdgyv7hhpAcwISZ2DlY2tICCE76dFxphSGhDdPb3lHEen\nIsx9UR6qCXE7VErTE3/TLG/5P3RYFig4XTaMblk0m6EbA/ctMnFWu7O2s7KuqrkE\nwCt72SAoVqwQf/gLK8z9INzYTUU1cuEq0/inVqd3u3g1aJWPWM1akaRK1tMQ8nLA\njwCsFgWcH64C+DyB84avhYPIwS+AUHU3Rv0/Nl4z1NVgta+kb9zSjDBJ2Usa7mcF\nSEAUnf8SOYlZeAWKckAlNr0t4c85LdOocco613uhf6BILFvLHLZZ08fqUB3ldjNM\n/8HAxRxnfJNKsAsOJl3WeZHyHaRsY7EtIYlD2cwn1kiEkNMuTMUpRColCL0CAwEA\nAQKCAgAQQAPYwhXvMFIWVrAIROoe4MDl7wYyevbGrLLyiHayQaV+lMZaGpLZfiYW\nYicYhUPKGpZg51mYI1fCvD4Pn4CjSW7mKpttpdgEnG9xwMgGoxGmMnl2pTC6uX6c\nLwOzG0Ekim1Y52WFxWR9oYJhLMXABZj1TMfiV4XddiCRdgvZODzrjBr12K9VtWUH\nVqOo+5o4ySht2rrNGch4UQ+lS2e7lwhvVmpwN5IardkdJjWSaR6YQAzoAx90g9PB\njzkeFvC5knu03NbK6WUeeoBWdSnEux1kD4GtuLE6MI+zCaS+RegY6UD5lUHD68JV\nxS17HTksge29MXoHNGR48znrP2XXJBlv8t9pv87lfMQ2CcSJ5/EPORHe4JGl3nSg\nqhyT2r7rmJ/Oxm/ozKrNnBkeDZ7kdgVJEhTSnCyAD9mmr0p2x3rsyJX3GDIlHw16\nX8USYmH4tGag3wNAAURZevBs44mFvtdEOgwogm22A3JlCqqn3JcApiD7On+gZjPW\n+Kj+xYZ1tW5JWamr85DM11m3yDMp5nv+/u+AjdQ1I/uwAyTztwI6BpU3NjiuTRzp\npfDMEIIaV0xOpI4LTLRWIO0Ejszq8o138auwv+EKCGPC8AWOkFNdI0vUIaY0KJIs\nbQRG7GfwQpuqh+dNj0xKdZgEyWqv+LH5pbWmEaped6KnBPqx4QKCAQEAw9ebMuDC\nRfsT5GEmwI2+yKC9GH56CBM4j3IIeI7drjtARr1dy1/4bVkVXrc5PYQwNWM77BQd\nomqXGAKQtE7xb+DekcxiDHKj5qmLpcwdeyTyDwBbmZfKtPaF1KRcnYA2M9V977Yo\nryvDuQ60tIdLUveR84yywXZYInkIu7F71f38gRC8B5z1uNDsuR9sWp2+XYM1FN12\nPgdfNt5CvJaTxtV7Ud7mQoW3upp/NtmkfspvEZjdBapmyje5TTth9gxbIBnV+MBm\ndnAL60dbRNP7q/aApvkHRy6gCIhhyDAUdCLaIh7kw7+K72hFBy+6ZjiBOk+0k8sz\nEfRtkZjbRtO6ZQKCAQEA/IPWLSYHborbxIhi5lFGkBXV6g7j0CNmhSpkfsTMFbUz\n+D4AgOeCt4RCuvuVnPPmbUp5UpaWCz9SeZ1rLKxXUndqMlR54d546y1HUkL8B5YS\nz82gLWAJ/gy9n+qi0lWMoUeMXc4Gboc5dE5w1NheuZfDicK59IBqQ7ZUQ9CDkuWz\ngnCMGXKgi8dI+xSY7r3KNdEzGHw2mwuVWkWkeUYzXLX2Le91eSDqXQWxXfLBH6ev\n52zSx/dkC6mzD9KMPQ7IKkntNj6GQKh6XjyGu0BfmFbQdjnmfGmpbgjB8/ssb+tn\n+fez2DBefEdS0REHCoz59mFJbFEswCNAZCFZ/8vDeQKCAQBU2tqYFOKYR826qo2L\n6N69N0g3kLV3QjzDink5I03R7EJRZEN7lz2gw3SK8YCPsvLgbvrLs3uTn/OPp6zj\nM0FRZHGLYq8pDZMOom+riuFLNhrbfSAzUJ24AwjBteWbKK5TjzFd5+OA4smPKVwK\nzIRKkpJeoJvjT0+owCCUkrZBZic+FO4jrlKZnYy0OXVNXgPZqLwbKknNXoxWzb7E\nz8l/4YfpVVcXg7Cz3bU5ItwvQ68URNOfXNHk1Hgpio1LetcQ9aDMgzDiKHJBo01c\naS0muUvNDSGmKgGVMOKNRqfWGjPBjPk6B4g/a0JddsSg/eKgTWDEmMqsAOhoqX55\nFcwxAoIBAQD40uSCmr2qBPSoBgkGkUIqCwo+WKvN1oRYZjye2keMgIEUdexDGV4q\nfg7Pd8em4IPIYCGK604xCRW5NxB79dsaLQedTrbHhlS60WQ9QDpfM1eYIzRaYg+W\nonFcmnYVMy2fYwSDDtgxo9hOrljqs8crtMt+/T4GG2AbFxiTtm1gnC42M7cqAFUJ\nR7e3ikVkw+n0/A8Qap3YTCLA0G1Q/4bvLXLHMvYcBP5L6acsP2BkU/W24voVB8cy\n4ubKiZudMuq1GSHBWP0ry5jBMX1GGRnZ4HoMdeOT5v6IqeKNC41vP5W2sIosVwVU\nC2glEVVR5TcOvDEApkClmFcEFAU+VUhpAoIBAQCzYkmSh9PVs9zbcomjD4FCjM1z\n3GqBhuQTaYIm5+YH30sLngA9iy5ZbXLuLW8+1KB6NDO48H62J4blv6zveaSNXLWw\n+0BOhrmOaaJFhNB3fuq8IOWc5oVyeS9lSLNkSm3QSMeXJqIENYSjMMHayeXz1Nd1\nYW4jDtmWf7UMeFMIImhxxErWxfpbi+pwbdRNRqjWv6TW/rr+fI+n80uiEYSCdJHK\nkXurPGqXyF84d6WZj03IAdFtNVgESjrF111JHpgkIXrkwkKqI7Whl2RiQQlAFYQM\nppTMV6sC7YInlARDNNIGUDF6U6eLzBy8DgV+Jg6fuI2oQs0EPvs14/AH7tWz\n-----END RSA PRIVATE KEY-----\n",
      "type": "string",
      "sensitive": true
    },
    "public_dns": {
      "value": "ec2-18-228-228-53.sa-east-1.compute.amazonaws.com",
      "type": "string"
    }
  },
  "resources": [
    {
      "mode": "data",
      "type": "aws_ami",
      "name": "ubuntu",
      "provider": "provider[\"registry.terraform.io/hashicorp/aws\"]",
      "instances": [
        {
          "schema_version": 0,
          "attributes": {
            "architecture": "x86_64",
            "arn": "arn:aws:ec2:sa-east-1::image/ami-0cd79c08dc1353a91",
            "block_device_mappings": [
              {
                "device_name": "/dev/sda1",
                "ebs": {
                  "delete_on_termination": "true",
                  "encrypted": "false",
                  "iops": "0",
                  "snapshot_id": "snap-0342dcbd9c64d469a",
                  "throughput": "0",
                  "volume_size": "8",
                  "volume_type": "gp2"
                },
                "no_device": "",
                "virtual_name": ""
              },
              {
                "device_name": "/dev/sdb",
                "ebs": {},
                "no_device": "",
                "virtual_name": "ephemeral0"
              },
              {
                "device_name": "/dev/sdc",
                "ebs": {},
                "no_device": "",
                "virtual_name": "ephemeral1"
              }
            ],
            "boot_mode": "legacy-bios",
            "creation_date": "2023-06-23T03:50:01.000Z",
            "deprecation_time": "2025-06-23T03:50:01.000Z",
            "description": "Canonical, Ubuntu, 22.04 LTS, amd64 jammy image build on 2023-06-23",
            "ena_support": true,
            "executable_users": null,
            "filter": [
              {
                "name": "name",
                "values": [
                  "ubuntu/images/hvm-ssd/ubuntu-jammy-22.04-amd64-server-*"
                ]
              },
              {
                "name": "virtualization-type",
                "values": [
                  "hvm"
                ]
              }
            ],
            "hypervisor": "xen",
            "id": "ami-0cd79c08dc1353a91",
            "image_id": "ami-0cd79c08dc1353a91",
            "image_location": "amazon/ubuntu/images/hvm-ssd/ubuntu-jammy-22.04-amd64-server-20230623",
            "image_owner_alias": "amazon",
            "image_type": "machine",
            "imds_support": "",
            "include_deprecated": false,
            "kernel_id": "",
            "most_recent": true,
            "name": "ubuntu/images/hvm-ssd/ubuntu-jammy-22.04-amd64-server-20230623",
            "name_regex": null,
            "owner_id": "099720109477",
            "owners": [
              "099720109477"
            ],
            "platform": "",
            "platform_details": "Linux/UNIX",
            "product_codes": [],
            "public": true,
            "ramdisk_id": "",
            "root_device_name": "/dev/sda1",
            "root_device_type": "ebs",
            "root_snapshot_id": "snap-0342dcbd9c64d469a",
            "sriov_net_support": "simple",
            "state": "available",
            "state_reason": {
              "code": "UNSET",
              "message": "UNSET"
            },
            "tags": {},
            "timeouts": null,
            "tpm_support": "",
            "usage_operation": "RunInstances",
            "virtualization_type": "hvm"
          },
          "sensitive_attributes": []
        }
      ]
    },
    {
      "mode": "managed",
      "type": "aws_instance",
      "name": "web-server",
      "provider": "provider[\"registry.terraform.io/hashicorp/aws\"]",
      "instances": [
        {
          "schema_version": 1,
          "attributes": {
            "ami": "ami-0cd79c08dc1353a91",
            "arn": "arn:aws:ec2:sa-east-1:874214505948:instance/i-060199502087b4c6c",
            "associate_public_ip_address": true,
            "availability_zone": "sa-east-1a",
            "capacity_reservation_specification": [
              {
                "capacity_reservation_preference": "open",
                "capacity_reservation_target": []
              }
            ],
            "cpu_core_count": 1,
            "cpu_options": [
              {
                "amd_sev_snp": "",
                "core_count": 1,
                "threads_per_core": 1
              }
            ],
            "cpu_threads_per_core": 1,
            "credit_specification": [
              {
                "cpu_credits": "standard"
              }
            ],
            "disable_api_stop": false,
            "disable_api_termination": false,
            "ebs_block_device": [],
            "ebs_optimized": false,
            "enclave_options": [
              {
                "enabled": false
              }
            ],
            "ephemeral_block_device": [],
            "get_password_data": false,
            "hibernation": false,
            "host_id": "",
            "host_resource_group_arn": null,
            "iam_instance_profile": "",
            "id": "i-060199502087b4c6c",
            "instance_initiated_shutdown_behavior": "stop",
            "instance_lifecycle": "",
            "instance_market_options": [],
            "instance_state": "running",
            "instance_type": "t2.micro",
            "ipv6_address_count": 0,
            "ipv6_addresses": [],
            "key_name": "web-server-key.pem",
            "launch_template": [],
            "maintenance_options": [
              {
                "auto_recovery": "default"
              }
            ],
            "metadata_options": [
              {
                "http_endpoint": "enabled",
                "http_put_response_hop_limit": 1,
                "http_tokens": "optional",
                "instance_metadata_tags": "disabled"
              }
            ],
            "monitoring": false,
            "network_interface": [],
            "outpost_arn": "",
            "password_data": "",
            "placement_group": "",
            "placement_partition_number": 0,
            "primary_network_interface_id": "eni-05031ba5621901c37",
            "private_dns": "ip-10-123-1-74.sa-east-1.compute.internal",
            "private_dns_name_options": [
              {
                "enable_resource_name_dns_a_record": false,
                "enable_resource_name_dns_aaaa_record": false,
                "hostname_type": "ip-name"
              }
            ],
            "private_ip": "10.123.1.74",
            "public_dns": "ec2-18-228-228-53.sa-east-1.compute.amazonaws.com",
            "public_ip": "18.228.228.53",
            "root_block_device": [
              {
                "delete_on_termination": true,
                "device_name": "/dev/sda1",
                "encrypted": false,
                "iops": 100,
                "kms_key_id": "",
                "tags": {},
                "throughput": 0,
                "volume_id": "vol-04c598420030c1431",
                "volume_size": 8,
                "volume_type": "gp2"
              }
            ],
            "secondary_private_ips": [],
            "security_groups": [],
            "source_dest_check": true,
            "spot_instance_request_id": "",
            "subnet_id": "subnet-01f0289b12934f960",
            "tags": null,
            "tags_all": {},
            "tenancy": "default",
            "timeouts": null,
            "user_data": "adda58767f3398b9d808edb8a7d04785d026408f",
            "user_data_base64": null,
            "user_data_replace_on_change": true,
            "volume_tags": null,
            "vpc_security_group_ids": [
              "sg-000c8bd287dad62a0"
            ]
          },
          "sensitive_attributes": [],
          "private": "eyJlMmJmYjczMC1lY2FhLTExZTYtOGY4OC0zNDM2M2JjN2M0YzAiOnsiY3JlYXRlIjo2MDAwMDAwMDAwMDAsImRlbGV0ZSI6MTIwMDAwMDAwMDAwMCwidXBkYXRlIjo2MDAwMDAwMDAwMDB9LCJzY2hlbWFfdmVyc2lvbiI6IjEifQ==",
          "dependencies": [
            "aws_key_pair.key",
            "aws_security_group.security_group",
            "aws_subnet.demo_public_subnet",
            "data.aws_ami.ubuntu"
          ]
        }
      ]
    },
    {
      "mode": "managed",
      "type": "aws_internet_gateway",
      "name": "demo_internet_gateway",
      "provider": "provider[\"registry.terraform.io/hashicorp/aws\"]",
      "instances": [
        {
          "schema_version": 0,
          "attributes": {
            "arn": "arn:aws:ec2:sa-east-1:874214505948:internet-gateway/igw-0261e7dcfd4b168cd",
            "id": "igw-0261e7dcfd4b168cd",
            "owner_id": "874214505948",
            "tags": {
              "Name": "dev-igw"
            },
            "tags_all": {
              "Name": "dev-igw"
            },
            "timeouts": null,
            "vpc_id": "vpc-038799ec3b3867f42"
          },
          "sensitive_attributes": [],
          "private": "eyJlMmJmYjczMC1lY2FhLTExZTYtOGY4OC0zNDM2M2JjN2M0YzAiOnsiY3JlYXRlIjoxMjAwMDAwMDAwMDAwLCJkZWxldGUiOjEyMDAwMDAwMDAwMDAsInVwZGF0ZSI6MTIwMDAwMDAwMDAwMH19",
          "dependencies": [
            "aws_vpc.demo_vpc"
          ]
        }
      ]
    },
    {
      "mode": "managed",
      "type": "aws_key_pair",
      "name": "key",
      "provider": "provider[\"registry.terraform.io/hashicorp/aws\"]",
      "instances": [
        {
          "schema_version": 1,
          "attributes": {
            "arn": "arn:aws:ec2:sa-east-1:874214505948:key-pair/web-server-key.pem",
            "fingerprint": "df:46:c5:eb:8f:51:bb:e7:c6:eb:46:11:62:38:ef:a2",
            "id": "web-server-key.pem",
            "key_name": "web-server-key.pem",
            "key_name_prefix": "",
            "key_pair_id": "key-0667c1cfebcc6180a",
            "key_type": "rsa",
            "public_key": "ssh-rsa AAAAB3NzaC1yc2EAAAADAQABAAACAQDBLRfzRgLAoIqAeiSiwTDLVgjyk5QnPuLGcRmM562oEROnInPCMM0/ta7yryGasa1oc43uJ/U0AUuluql76qbVa/i8yNysnTc7sOBLDPH+77bgSkgG/ucnJ9t8kc17y6HRox+XdhsUbYHtnIkEXzxzIVcEBxz7SE9bngWlYtRc4BrsODX0vv+ZsIlMR0dap5iPLcuq5Aebik/fwHlmQPb9wpz4SOTFibJfAVZHA+M9GFUiQMj6AtqyAEqMGHTkpu1+9wEhaaANYddoyallQMnN+7vLSmyfqcQ7VcL3AeTI6TefGuGH1c5eVdM20WPlkHmOYGl2DK/uGGkBzAhJnYOVja0gIITvp0XGmFIaEN09veUcR6cizH1RHqoJcTtUStMTf9Msb/k/dFgWKDhdNoxuWTSboRsD9y0ycVa7s7azsq6quQTAK3vZIChWrBB/+AsrzP0g3NhNRTVy4SrT+KdWp3e7eDVolY9YzVqRpErW0xDycsCPAKwWBZwfrgL4PIHzhq+Fg8jBL4BQdTdG/T82XjPU1WC1r6Rv3NKMMEnZSxruZwVIQBSd/xI5iVl4BYpyQCU2vS3hzzkt06hxyjrXe6F/oEgsW8sctlnTx+pQHeV2M0z/wcDFHGd8k0qwCw4mXdZ5kfIdpGxjsS0hiUPZzCfWSISQ0y5MxSlEKiUIvQ==",
            "tags": {},
            "tags_all": {}
          },
          "sensitive_attributes": [],
          "private": "eyJzY2hlbWFfdmVyc2lvbiI6IjEifQ==",
          "dependencies": [
            "tls_private_key.key"
          ]
        }
      ]
    },
    {
      "mode": "managed",
      "type": "aws_route",
      "name": "default_route",
      "provider": "provider[\"registry.terraform.io/hashicorp/aws\"]",
      "instances": [
        {
          "schema_version": 0,
          "attributes": {
            "carrier_gateway_id": "",
            "core_network_arn": "",
            "destination_cidr_block": "0.0.0.0/0",
            "destination_ipv6_cidr_block": "",
            "destination_prefix_list_id": "",
            "egress_only_gateway_id": "",
            "gateway_id": "igw-0261e7dcfd4b168cd",
            "id": "r-rtb-0951bfb2a1d1060dc1080289494",
            "instance_id": "",
            "instance_owner_id": "",
            "local_gateway_id": "",
            "nat_gateway_id": "",
            "network_interface_id": "",
            "origin": "CreateRoute",
            "route_table_id": "rtb-0951bfb2a1d1060dc",
            "state": "active",
            "timeouts": null,
            "transit_gateway_id": "",
            "vpc_endpoint_id": "",
            "vpc_peering_connection_id": ""
          },
          "sensitive_attributes": [],
          "private": "eyJlMmJmYjczMC1lY2FhLTExZTYtOGY4OC0zNDM2M2JjN2M0YzAiOnsiY3JlYXRlIjozMDAwMDAwMDAwMDAsImRlbGV0ZSI6MzAwMDAwMDAwMDAwLCJ1cGRhdGUiOjEyMDAwMDAwMDAwMH19",
          "dependencies": [
            "aws_internet_gateway.demo_internet_gateway",
            "aws_route_table.demo_public_rt",
            "aws_vpc.demo_vpc"
          ]
        }
      ]
    },
    {
      "mode": "managed",
      "type": "aws_route53_record",
      "name": "example_record",
      "provider": "provider[\"registry.terraform.io/hashicorp/aws\"]",
      "instances": [
        {
          "schema_version": 2,
          "attributes": {
            "alias": [],
            "allow_overwrite": null,
            "cidr_routing_policy": [],
            "failover_routing_policy": [],
            "fqdn": "i-have-no-idea-what-i-am-doing.com",
            "geolocation_routing_policy": [],
            "health_check_id": "",
            "id": "Z084029310YCV7OHNRW0D_i-have-no-idea-what-i-am-doing.com_A",
            "latency_routing_policy": [],
            "multivalue_answer_routing_policy": false,
            "name": "i-have-no-idea-what-i-am-doing.com",
            "records": [
              "18.228.228.53"
            ],
            "set_identifier": "",
            "ttl": 300,
            "type": "A",
            "weighted_routing_policy": [],
            "zone_id": "Z084029310YCV7OHNRW0D"
          },
          "sensitive_attributes": [],
          "private": "eyJzY2hlbWFfdmVyc2lvbiI6IjIifQ==",
          "dependencies": [
            "aws_instance.web-server",
            "aws_key_pair.key",
            "aws_route53_zone.example_zone",
            "aws_security_group.security_group",
            "aws_subnet.demo_public_subnet",
            "data.aws_ami.ubuntu"
          ]
        }
      ]
    },
    {
      "mode": "managed",
      "type": "aws_route53_zone",
      "name": "example_zone",
      "provider": "provider[\"registry.terraform.io/hashicorp/aws\"]",
      "instances": [
        {
          "schema_version": 0,
          "attributes": {
            "arn": "arn:aws:route53:::hostedzone/Z084029310YCV7OHNRW0D",
            "comment": "Managed by Terraform",
            "delegation_set_id": "",
            "force_destroy": false,
            "id": "Z084029310YCV7OHNRW0D",
            "name": "i-have-no-idea-what-i-am-doing.com",
            "name_servers": [
              "ns-1359.awsdns-41.org",
              "ns-1908.awsdns-46.co.uk",
              "ns-395.awsdns-49.com",
              "ns-707.awsdns-24.net"
            ],
            "primary_name_server": "ns-707.awsdns-24.net",
            "tags": null,
            "tags_all": {},
            "vpc": [],
            "zone_id": "Z084029310YCV7OHNRW0D"
          },
          "sensitive_attributes": [],
          "private": "bnVsbA=="
        }
      ]
    },
    {
      "mode": "managed",
      "type": "aws_route_table",
      "name": "demo_public_rt",
      "provider": "provider[\"registry.terraform.io/hashicorp/aws\"]",
      "instances": [
        {
          "schema_version": 0,
          "attributes": {
            "arn": "arn:aws:ec2:sa-east-1:874214505948:route-table/rtb-0951bfb2a1d1060dc",
            "id": "rtb-0951bfb2a1d1060dc",
            "owner_id": "874214505948",
            "propagating_vgws": [],
            "route": [
              {
                "carrier_gateway_id": "",
                "cidr_block": "0.0.0.0/0",
                "core_network_arn": "",
                "destination_prefix_list_id": "",
                "egress_only_gateway_id": "",
                "gateway_id": "igw-0261e7dcfd4b168cd",
                "ipv6_cidr_block": "",
                "local_gateway_id": "",
                "nat_gateway_id": "",
                "network_interface_id": "",
                "transit_gateway_id": "",
                "vpc_endpoint_id": "",
                "vpc_peering_connection_id": ""
              }
            ],
            "tags": {
              "Name": "dev_public_rt"
            },
            "tags_all": {
              "Name": "dev_public_rt"
            },
            "timeouts": null,
            "vpc_id": "vpc-038799ec3b3867f42"
          },
          "sensitive_attributes": [],
          "private": "eyJlMmJmYjczMC1lY2FhLTExZTYtOGY4OC0zNDM2M2JjN2M0YzAiOnsiY3JlYXRlIjozMDAwMDAwMDAwMDAsImRlbGV0ZSI6MzAwMDAwMDAwMDAwLCJ1cGRhdGUiOjEyMDAwMDAwMDAwMH19",
          "dependencies": [
            "aws_vpc.demo_vpc"
          ]
        }
      ]
    },
    {
      "mode": "managed",
      "type": "aws_route_table_association",
      "name": "public_assoc",
      "provider": "provider[\"registry.terraform.io/hashicorp/aws\"]",
      "instances": [
        {
          "schema_version": 0,
          "attributes": {
            "gateway_id": "",
            "id": "rtbassoc-061ce6e8546b4d571",
            "route_table_id": "rtb-0951bfb2a1d1060dc",
            "subnet_id": "subnet-01f0289b12934f960",
            "timeouts": null
          },
          "sensitive_attributes": [],
          "private": "eyJlMmJmYjczMC1lY2FhLTExZTYtOGY4OC0zNDM2M2JjN2M0YzAiOnsiY3JlYXRlIjozMDAwMDAwMDAwMDAsImRlbGV0ZSI6MzAwMDAwMDAwMDAwLCJ1cGRhdGUiOjEyMDAwMDAwMDAwMH19",
          "dependencies": [
            "aws_route_table.demo_public_rt",
            "aws_subnet.demo_public_subnet",
            "aws_vpc.demo_vpc"
          ]
        }
      ]
    },
    {
      "mode": "managed",
      "type": "aws_security_group",
      "name": "security_group",
      "provider": "provider[\"registry.terraform.io/hashicorp/aws\"]",
      "instances": [
        {
          "schema_version": 1,
          "attributes": {
            "arn": "arn:aws:ec2:sa-east-1:874214505948:security-group/sg-000c8bd287dad62a0",
            "description": "Allow SSH and HTTP access",
            "egress": [
              {
                "cidr_blocks": [
                  "0.0.0.0/0"
                ],
                "description": "All outbound traffic",
                "from_port": 0,
                "ipv6_cidr_blocks": [],
                "prefix_list_ids": [],
                "protocol": "-1",
                "security_groups": [],
                "self": false,
                "to_port": 0
              }
            ],
            "id": "sg-000c8bd287dad62a0",
            "ingress": [
              {
                "cidr_blocks": [
                  "0.0.0.0/0"
                ],
                "description": "All inbound traffic",
                "from_port": 0,
                "ipv6_cidr_blocks": [],
                "prefix_list_ids": [],
                "protocol": "tcp",
                "security_groups": [],
                "self": false,
                "to_port": 0
              },
              {
                "cidr_blocks": [
                  "0.0.0.0/0"
                ],
                "description": "HTTP from VPC",
                "from_port": 80,
                "ipv6_cidr_blocks": [],
                "prefix_list_ids": [],
                "protocol": "tcp",
                "security_groups": [],
                "self": false,
                "to_port": 80
              },
              {
                "cidr_blocks": [
                  "0.0.0.0/0"
                ],
                "description": "SSH from VPC",
                "from_port": 22,
                "ipv6_cidr_blocks": [],
                "prefix_list_ids": [],
                "protocol": "tcp",
                "security_groups": [],
                "self": false,
                "to_port": 22
              }
            ],
            "name": "web-server-sg",
            "name_prefix": "",
            "owner_id": "874214505948",
            "revoke_rules_on_delete": false,
            "tags": {},
            "tags_all": {},
            "timeouts": null,
            "vpc_id": "vpc-038799ec3b3867f42"
          },
          "sensitive_attributes": [],
          "private": "eyJlMmJmYjczMC1lY2FhLTExZTYtOGY4OC0zNDM2M2JjN2M0YzAiOnsiY3JlYXRlIjo2MDAwMDAwMDAwMDAsImRlbGV0ZSI6OTAwMDAwMDAwMDAwfSwic2NoZW1hX3ZlcnNpb24iOiIxIn0=",
          "dependencies": [
            "aws_vpc.demo_vpc"
          ]
        }
      ]
    },
    {
      "mode": "managed",
      "type": "aws_subnet",
      "name": "demo_public_subnet",
      "provider": "provider[\"registry.terraform.io/hashicorp/aws\"]",
      "instances": [
        {
          "schema_version": 1,
          "attributes": {
            "arn": "arn:aws:ec2:sa-east-1:874214505948:subnet/subnet-01f0289b12934f960",
            "assign_ipv6_address_on_creation": false,
            "availability_zone": "sa-east-1a",
            "availability_zone_id": "sae1-az1",
            "cidr_block": "10.123.1.0/24",
            "customer_owned_ipv4_pool": "",
            "enable_dns64": false,
            "enable_lni_at_device_index": 0,
            "enable_resource_name_dns_a_record_on_launch": false,
            "enable_resource_name_dns_aaaa_record_on_launch": false,
            "id": "subnet-01f0289b12934f960",
            "ipv6_cidr_block": "",
            "ipv6_cidr_block_association_id": "",
            "ipv6_native": false,
            "map_customer_owned_ip_on_launch": false,
            "map_public_ip_on_launch": true,
            "outpost_arn": "",
            "owner_id": "874214505948",
            "private_dns_hostname_type_on_launch": "ip-name",
            "tags": {
              "Name": "dev-public"
            },
            "tags_all": {
              "Name": "dev-public"
            },
            "timeouts": null,
            "vpc_id": "vpc-038799ec3b3867f42"
          },
          "sensitive_attributes": [],
          "private": "eyJlMmJmYjczMC1lY2FhLTExZTYtOGY4OC0zNDM2M2JjN2M0YzAiOnsiY3JlYXRlIjo2MDAwMDAwMDAwMDAsImRlbGV0ZSI6MTIwMDAwMDAwMDAwMH0sInNjaGVtYV92ZXJzaW9uIjoiMSJ9",
          "dependencies": [
            "aws_vpc.demo_vpc"
          ]
        }
      ]
    },
    {
      "mode": "managed",
      "type": "aws_vpc",
      "name": "demo_vpc",
      "provider": "provider[\"registry.terraform.io/hashicorp/aws\"]",
      "instances": [
        {
          "schema_version": 1,
          "attributes": {
            "arn": "arn:aws:ec2:sa-east-1:874214505948:vpc/vpc-038799ec3b3867f42",
            "assign_generated_ipv6_cidr_block": false,
            "cidr_block": "10.123.0.0/16",
            "default_network_acl_id": "acl-0ad2ab36a3790beec",
            "default_route_table_id": "rtb-09b338d990b908819",
            "default_security_group_id": "sg-0ebf623fb20655512",
            "dhcp_options_id": "dopt-03153accd2f178688",
            "enable_dns_hostnames": true,
            "enable_dns_support": true,
            "enable_network_address_usage_metrics": false,
            "id": "vpc-038799ec3b3867f42",
            "instance_tenancy": "default",
            "ipv4_ipam_pool_id": null,
            "ipv4_netmask_length": null,
            "ipv6_association_id": "",
            "ipv6_cidr_block": "",
            "ipv6_cidr_block_network_border_group": "",
            "ipv6_ipam_pool_id": "",
            "ipv6_netmask_length": 0,
            "main_route_table_id": "rtb-09b338d990b908819",
            "owner_id": "874214505948",
            "tags": {
              "Name": "dev"
            },
            "tags_all": {
              "Name": "dev"
            }
          },
          "sensitive_attributes": [],
          "private": "eyJzY2hlbWFfdmVyc2lvbiI6IjEifQ=="
        }
      ]
    },
    {
      "mode": "managed",
      "type": "tls_private_key",
      "name": "key",
      "provider": "provider[\"registry.terraform.io/hashicorp/tls\"]",
      "instances": [
        {
          "schema_version": 1,
          "attributes": {
            "algorithm": "RSA",
            "ecdsa_curve": "P224",
            "id": "1a23b1e8a9bfa4e2a7a2d3721f4e39ccd65437ec",
            "private_key_openssh": "-----BEGIN OPENSSH PRIVATE KEY-----\nb3BlbnNzaC1rZXktdjEAAAAABG5vbmUAAAAEbm9uZQAAAAAAAAABAAACFwAAAAdz\nc2gtcnNhAAAAAwEAAQAAAgEAwS0X80YCwKCKgHokosEwy1YI8pOUJz7ixnEZjOet\nqBETpyJzwjDNP7Wu8q8hmrGtaHON7if1NAFLpbqpe+qm1Wv4vMjcrJ03O7DgSwzx\n/u+24EpIBv7nJyfbfJHNe8uh0aMfl3YbFG2B7ZyJBF88cyFXBAcc+0hPW54FpWLU\nXOAa7Dg19L7/mbCJTEdHWqeYjy3LquQHm4pP38B5ZkD2/cKc+EjkxYmyXwFWRwPj\nPRhVIkDI+gLasgBKjBh05KbtfvcBIWmgDWHXaMmpZUDJzfu7y0psn6nEO1XC9wHk\nyOk3nxrhh9XOXlXTNtFj5ZB5jmBpdgyv7hhpAcwISZ2DlY2tICCE76dFxphSGhDd\nPb3lHEenIsx9UR6qCXE7VErTE3/TLG/5P3RYFig4XTaMblk0m6EbA/ctMnFWu7O2\ns7KuqrkEwCt72SAoVqwQf/gLK8z9INzYTUU1cuEq0/inVqd3u3g1aJWPWM1akaRK\n1tMQ8nLAjwCsFgWcH64C+DyB84avhYPIwS+AUHU3Rv0/Nl4z1NVgta+kb9zSjDBJ\n2Usa7mcFSEAUnf8SOYlZeAWKckAlNr0t4c85LdOocco613uhf6BILFvLHLZZ08fq\nUB3ldjNM/8HAxRxnfJNKsAsOJl3WeZHyHaRsY7EtIYlD2cwn1kiEkNMuTMUpRCol\nCL0AAAc4YLlLtGC5S7QAAAAHc3NoLXJzYQAAAgEAwS0X80YCwKCKgHokosEwy1YI\n8pOUJz7ixnEZjOetqBETpyJzwjDNP7Wu8q8hmrGtaHON7if1NAFLpbqpe+qm1Wv4\nvMjcrJ03O7DgSwzx/u+24EpIBv7nJyfbfJHNe8uh0aMfl3YbFG2B7ZyJBF88cyFX\nBAcc+0hPW54FpWLUXOAa7Dg19L7/mbCJTEdHWqeYjy3LquQHm4pP38B5ZkD2/cKc\n+EjkxYmyXwFWRwPjPRhVIkDI+gLasgBKjBh05KbtfvcBIWmgDWHXaMmpZUDJzfu7\ny0psn6nEO1XC9wHkyOk3nxrhh9XOXlXTNtFj5ZB5jmBpdgyv7hhpAcwISZ2DlY2t\nICCE76dFxphSGhDdPb3lHEenIsx9UR6qCXE7VErTE3/TLG/5P3RYFig4XTaMblk0\nm6EbA/ctMnFWu7O2s7KuqrkEwCt72SAoVqwQf/gLK8z9INzYTUU1cuEq0/inVqd3\nu3g1aJWPWM1akaRK1tMQ8nLAjwCsFgWcH64C+DyB84avhYPIwS+AUHU3Rv0/Nl4z\n1NVgta+kb9zSjDBJ2Usa7mcFSEAUnf8SOYlZeAWKckAlNr0t4c85LdOocco613uh\nf6BILFvLHLZZ08fqUB3ldjNM/8HAxRxnfJNKsAsOJl3WeZHyHaRsY7EtIYlD2cwn\n1kiEkNMuTMUpRColCL0AAAADAQABAAACABBAA9jCFe8wUhZWsAhE6h7gwOXvBjJ6\n9sassvKIdrJBpX6Uxloaktl+JhZiJxiFQ8oalmDnWZgjV8K8Pg+fgKNJbuYqm22l\n2AScb3HAyAajEaYyeXalMLq5fpwvA7MbQSSKbVjnZYXFZH2hgmEsxcAFmPVMx+JX\nhd12IJF2C9k4POuMGvXYr1W1ZQdWo6j7mjjJKG3aus0ZyHhRD6VLZ7uXCG9WanA3\nkhqt2R0mNZJpHphADOgDH3SD08GPOR4W8LmSe7Tc1srpZR56gFZ1KcS7HWQPga24\nsTowj7MJpL5F6BjpQPmVQcPrwlXFLXsdOSyB7b0xegc0ZHjzOes/ZdckGW/y32m/\nzuV8xDYJxInn8Q85Ed7gkaXedKCqHJPavuuYn87Gb+jMqs2cGR4NnuR2BUkSFNKc\nLIAP2aavSnbHeuzIlfcYMiUfDXpfxRJiYfi0ZqDfA0ABRFl68GzjiYW+10Q6DCiC\nbbYDcmUKqqfclwCmIPs6f6BmM9b4qP7FhnW1bklZqavzkMzXWbfIMynme/7+74CN\n1DUj+7ADJPO3AjoGlTc2OK5NHOml8MwQghpXTE6kjgtMtFYg7QSOzOryjXfxq7C/\n4QoIY8LwBY6QU10jS9QhpjQokixtBEbsZ/BCm6qH502PTEp1mATJaq/4sfmltaYR\nql53oqcE+rHhAAABAQCzYkmSh9PVs9zbcomjD4FCjM1z3GqBhuQTaYIm5+YH30sL\nngA9iy5ZbXLuLW8+1KB6NDO48H62J4blv6zveaSNXLWw+0BOhrmOaaJFhNB3fuq8\nIOWc5oVyeS9lSLNkSm3QSMeXJqIENYSjMMHayeXz1Nd1YW4jDtmWf7UMeFMIImhx\nxErWxfpbi+pwbdRNRqjWv6TW/rr+fI+n80uiEYSCdJHKkXurPGqXyF84d6WZj03I\nAdFtNVgESjrF111JHpgkIXrkwkKqI7Whl2RiQQlAFYQMppTMV6sC7YInlARDNNIG\nUDF6U6eLzBy8DgV+Jg6fuI2oQs0EPvs14/AH7tWzAAABAQDD15sy4MJF+xPkYSbA\njb7IoL0YfnoIEziPcgh4jt2uO0BGvV3LX/htWRVetzk9hDA1YzvsFB2iapcYApC0\nTvFv4N6RzGIMcqPmqYulzB17JPIPAFuZl8q09oXUpFydgDYz1X3vtiivK8O5DrS0\nh0tS95HzjLLBdlgieQi7sXvV/fyBELwHnPW40Oy5H2xanb5dgzUU3XY+B1823kK8\nlpPG1XtR3uZChbe6mn822aR+ym8RmN0FqmbKN7lNO2H2DFsgGdX4wGZ2cAvrR1tE\n0/ur9oCm+QdHLqAIiGHIMBR0ItoiHuTDv4rvaEUHL7pmOIE6T7STyzMR9G2RmNtG\n07plAAABAQD8g9YtJgduitvEiGLmUUaQFdXqDuPQI2aFKmR+xMwVtTP4PgCA54K3\nhEK6+5Wc8+ZtSnlSlpYLP1J5nWssrFdSd2oyVHnh3njrLUdSQvwHlhLPzaAtYAn+\nDL2f6qLSVYyhR4xdzgZuhzl0TnDU2F65l8OJwrn0gGpDtlRD0IOS5bOCcIwZcqCL\nx0j7FJjuvco10TMYfDabC5VaRaR5RjNctfYt73V5IOpdBbFd8sEfp6/nbNLH92QL\nqbMP0ow9DsgqSe02PoZAqHpePIa7QF+YVtB2OeZ8aaluCMHz+yxv62f597PYMF58\nR1LREQcKjPn2YUlsUSzAI0BkIVn/y8N5AAAAAAEC\n-----END OPENSSH PRIVATE KEY-----\n",
            "private_key_pem": "-----BEGIN RSA PRIVATE KEY-----\nMIIJKQIBAAKCAgEAwS0X80YCwKCKgHokosEwy1YI8pOUJz7ixnEZjOetqBETpyJz\nwjDNP7Wu8q8hmrGtaHON7if1NAFLpbqpe+qm1Wv4vMjcrJ03O7DgSwzx/u+24EpI\nBv7nJyfbfJHNe8uh0aMfl3YbFG2B7ZyJBF88cyFXBAcc+0hPW54FpWLUXOAa7Dg1\n9L7/mbCJTEdHWqeYjy3LquQHm4pP38B5ZkD2/cKc+EjkxYmyXwFWRwPjPRhVIkDI\n+gLasgBKjBh05KbtfvcBIWmgDWHXaMmpZUDJzfu7y0psn6nEO1XC9wHkyOk3nxrh\nh9XOXlXTNtFj5ZB5jmBpdgyv7hhpAcwISZ2DlY2tICCE76dFxphSGhDdPb3lHEen\nIsx9UR6qCXE7VErTE3/TLG/5P3RYFig4XTaMblk0m6EbA/ctMnFWu7O2s7KuqrkE\nwCt72SAoVqwQf/gLK8z9INzYTUU1cuEq0/inVqd3u3g1aJWPWM1akaRK1tMQ8nLA\njwCsFgWcH64C+DyB84avhYPIwS+AUHU3Rv0/Nl4z1NVgta+kb9zSjDBJ2Usa7mcF\nSEAUnf8SOYlZeAWKckAlNr0t4c85LdOocco613uhf6BILFvLHLZZ08fqUB3ldjNM\n/8HAxRxnfJNKsAsOJl3WeZHyHaRsY7EtIYlD2cwn1kiEkNMuTMUpRColCL0CAwEA\nAQKCAgAQQAPYwhXvMFIWVrAIROoe4MDl7wYyevbGrLLyiHayQaV+lMZaGpLZfiYW\nYicYhUPKGpZg51mYI1fCvD4Pn4CjSW7mKpttpdgEnG9xwMgGoxGmMnl2pTC6uX6c\nLwOzG0Ekim1Y52WFxWR9oYJhLMXABZj1TMfiV4XddiCRdgvZODzrjBr12K9VtWUH\nVqOo+5o4ySht2rrNGch4UQ+lS2e7lwhvVmpwN5IardkdJjWSaR6YQAzoAx90g9PB\njzkeFvC5knu03NbK6WUeeoBWdSnEux1kD4GtuLE6MI+zCaS+RegY6UD5lUHD68JV\nxS17HTksge29MXoHNGR48znrP2XXJBlv8t9pv87lfMQ2CcSJ5/EPORHe4JGl3nSg\nqhyT2r7rmJ/Oxm/ozKrNnBkeDZ7kdgVJEhTSnCyAD9mmr0p2x3rsyJX3GDIlHw16\nX8USYmH4tGag3wNAAURZevBs44mFvtdEOgwogm22A3JlCqqn3JcApiD7On+gZjPW\n+Kj+xYZ1tW5JWamr85DM11m3yDMp5nv+/u+AjdQ1I/uwAyTztwI6BpU3NjiuTRzp\npfDMEIIaV0xOpI4LTLRWIO0Ejszq8o138auwv+EKCGPC8AWOkFNdI0vUIaY0KJIs\nbQRG7GfwQpuqh+dNj0xKdZgEyWqv+LH5pbWmEaped6KnBPqx4QKCAQEAw9ebMuDC\nRfsT5GEmwI2+yKC9GH56CBM4j3IIeI7drjtARr1dy1/4bVkVXrc5PYQwNWM77BQd\nomqXGAKQtE7xb+DekcxiDHKj5qmLpcwdeyTyDwBbmZfKtPaF1KRcnYA2M9V977Yo\nryvDuQ60tIdLUveR84yywXZYInkIu7F71f38gRC8B5z1uNDsuR9sWp2+XYM1FN12\nPgdfNt5CvJaTxtV7Ud7mQoW3upp/NtmkfspvEZjdBapmyje5TTth9gxbIBnV+MBm\ndnAL60dbRNP7q/aApvkHRy6gCIhhyDAUdCLaIh7kw7+K72hFBy+6ZjiBOk+0k8sz\nEfRtkZjbRtO6ZQKCAQEA/IPWLSYHborbxIhi5lFGkBXV6g7j0CNmhSpkfsTMFbUz\n+D4AgOeCt4RCuvuVnPPmbUp5UpaWCz9SeZ1rLKxXUndqMlR54d546y1HUkL8B5YS\nz82gLWAJ/gy9n+qi0lWMoUeMXc4Gboc5dE5w1NheuZfDicK59IBqQ7ZUQ9CDkuWz\ngnCMGXKgi8dI+xSY7r3KNdEzGHw2mwuVWkWkeUYzXLX2Le91eSDqXQWxXfLBH6ev\n52zSx/dkC6mzD9KMPQ7IKkntNj6GQKh6XjyGu0BfmFbQdjnmfGmpbgjB8/ssb+tn\n+fez2DBefEdS0REHCoz59mFJbFEswCNAZCFZ/8vDeQKCAQBU2tqYFOKYR826qo2L\n6N69N0g3kLV3QjzDink5I03R7EJRZEN7lz2gw3SK8YCPsvLgbvrLs3uTn/OPp6zj\nM0FRZHGLYq8pDZMOom+riuFLNhrbfSAzUJ24AwjBteWbKK5TjzFd5+OA4smPKVwK\nzIRKkpJeoJvjT0+owCCUkrZBZic+FO4jrlKZnYy0OXVNXgPZqLwbKknNXoxWzb7E\nz8l/4YfpVVcXg7Cz3bU5ItwvQ68URNOfXNHk1Hgpio1LetcQ9aDMgzDiKHJBo01c\naS0muUvNDSGmKgGVMOKNRqfWGjPBjPk6B4g/a0JddsSg/eKgTWDEmMqsAOhoqX55\nFcwxAoIBAQD40uSCmr2qBPSoBgkGkUIqCwo+WKvN1oRYZjye2keMgIEUdexDGV4q\nfg7Pd8em4IPIYCGK604xCRW5NxB79dsaLQedTrbHhlS60WQ9QDpfM1eYIzRaYg+W\nonFcmnYVMy2fYwSDDtgxo9hOrljqs8crtMt+/T4GG2AbFxiTtm1gnC42M7cqAFUJ\nR7e3ikVkw+n0/A8Qap3YTCLA0G1Q/4bvLXLHMvYcBP5L6acsP2BkU/W24voVB8cy\n4ubKiZudMuq1GSHBWP0ry5jBMX1GGRnZ4HoMdeOT5v6IqeKNC41vP5W2sIosVwVU\nC2glEVVR5TcOvDEApkClmFcEFAU+VUhpAoIBAQCzYkmSh9PVs9zbcomjD4FCjM1z\n3GqBhuQTaYIm5+YH30sLngA9iy5ZbXLuLW8+1KB6NDO48H62J4blv6zveaSNXLWw\n+0BOhrmOaaJFhNB3fuq8IOWc5oVyeS9lSLNkSm3QSMeXJqIENYSjMMHayeXz1Nd1\nYW4jDtmWf7UMeFMIImhxxErWxfpbi+pwbdRNRqjWv6TW/rr+fI+n80uiEYSCdJHK\nkXurPGqXyF84d6WZj03IAdFtNVgESjrF111JHpgkIXrkwkKqI7Whl2RiQQlAFYQM\nppTMV6sC7YInlARDNNIGUDF6U6eLzBy8DgV+Jg6fuI2oQs0EPvs14/AH7tWz\n-----END RSA PRIVATE KEY-----\n",
            "private_key_pem_pkcs8": "-----BEGIN PRIVATE KEY-----\nMIIJQwIBADANBgkqhkiG9w0BAQEFAASCCS0wggkpAgEAAoICAQDBLRfzRgLAoIqA\neiSiwTDLVgjyk5QnPuLGcRmM562oEROnInPCMM0/ta7yryGasa1oc43uJ/U0AUul\nuql76qbVa/i8yNysnTc7sOBLDPH+77bgSkgG/ucnJ9t8kc17y6HRox+XdhsUbYHt\nnIkEXzxzIVcEBxz7SE9bngWlYtRc4BrsODX0vv+ZsIlMR0dap5iPLcuq5Aebik/f\nwHlmQPb9wpz4SOTFibJfAVZHA+M9GFUiQMj6AtqyAEqMGHTkpu1+9wEhaaANYddo\nyallQMnN+7vLSmyfqcQ7VcL3AeTI6TefGuGH1c5eVdM20WPlkHmOYGl2DK/uGGkB\nzAhJnYOVja0gIITvp0XGmFIaEN09veUcR6cizH1RHqoJcTtUStMTf9Msb/k/dFgW\nKDhdNoxuWTSboRsD9y0ycVa7s7azsq6quQTAK3vZIChWrBB/+AsrzP0g3NhNRTVy\n4SrT+KdWp3e7eDVolY9YzVqRpErW0xDycsCPAKwWBZwfrgL4PIHzhq+Fg8jBL4BQ\ndTdG/T82XjPU1WC1r6Rv3NKMMEnZSxruZwVIQBSd/xI5iVl4BYpyQCU2vS3hzzkt\n06hxyjrXe6F/oEgsW8sctlnTx+pQHeV2M0z/wcDFHGd8k0qwCw4mXdZ5kfIdpGxj\nsS0hiUPZzCfWSISQ0y5MxSlEKiUIvQIDAQABAoICABBAA9jCFe8wUhZWsAhE6h7g\nwOXvBjJ69sassvKIdrJBpX6Uxloaktl+JhZiJxiFQ8oalmDnWZgjV8K8Pg+fgKNJ\nbuYqm22l2AScb3HAyAajEaYyeXalMLq5fpwvA7MbQSSKbVjnZYXFZH2hgmEsxcAF\nmPVMx+JXhd12IJF2C9k4POuMGvXYr1W1ZQdWo6j7mjjJKG3aus0ZyHhRD6VLZ7uX\nCG9WanA3khqt2R0mNZJpHphADOgDH3SD08GPOR4W8LmSe7Tc1srpZR56gFZ1KcS7\nHWQPga24sTowj7MJpL5F6BjpQPmVQcPrwlXFLXsdOSyB7b0xegc0ZHjzOes/Zdck\nGW/y32m/zuV8xDYJxInn8Q85Ed7gkaXedKCqHJPavuuYn87Gb+jMqs2cGR4NnuR2\nBUkSFNKcLIAP2aavSnbHeuzIlfcYMiUfDXpfxRJiYfi0ZqDfA0ABRFl68GzjiYW+\n10Q6DCiCbbYDcmUKqqfclwCmIPs6f6BmM9b4qP7FhnW1bklZqavzkMzXWbfIMynm\ne/7+74CN1DUj+7ADJPO3AjoGlTc2OK5NHOml8MwQghpXTE6kjgtMtFYg7QSOzOry\njXfxq7C/4QoIY8LwBY6QU10jS9QhpjQokixtBEbsZ/BCm6qH502PTEp1mATJaq/4\nsfmltaYRql53oqcE+rHhAoIBAQDD15sy4MJF+xPkYSbAjb7IoL0YfnoIEziPcgh4\njt2uO0BGvV3LX/htWRVetzk9hDA1YzvsFB2iapcYApC0TvFv4N6RzGIMcqPmqYul\nzB17JPIPAFuZl8q09oXUpFydgDYz1X3vtiivK8O5DrS0h0tS95HzjLLBdlgieQi7\nsXvV/fyBELwHnPW40Oy5H2xanb5dgzUU3XY+B1823kK8lpPG1XtR3uZChbe6mn82\n2aR+ym8RmN0FqmbKN7lNO2H2DFsgGdX4wGZ2cAvrR1tE0/ur9oCm+QdHLqAIiGHI\nMBR0ItoiHuTDv4rvaEUHL7pmOIE6T7STyzMR9G2RmNtG07plAoIBAQD8g9YtJgdu\nitvEiGLmUUaQFdXqDuPQI2aFKmR+xMwVtTP4PgCA54K3hEK6+5Wc8+ZtSnlSlpYL\nP1J5nWssrFdSd2oyVHnh3njrLUdSQvwHlhLPzaAtYAn+DL2f6qLSVYyhR4xdzgZu\nhzl0TnDU2F65l8OJwrn0gGpDtlRD0IOS5bOCcIwZcqCLx0j7FJjuvco10TMYfDab\nC5VaRaR5RjNctfYt73V5IOpdBbFd8sEfp6/nbNLH92QLqbMP0ow9DsgqSe02PoZA\nqHpePIa7QF+YVtB2OeZ8aaluCMHz+yxv62f597PYMF58R1LREQcKjPn2YUlsUSzA\nI0BkIVn/y8N5AoIBAFTa2pgU4phHzbqqjYvo3r03SDeQtXdCPMOKeTkjTdHsQlFk\nQ3uXPaDDdIrxgI+y8uBu+suze5Of84+nrOMzQVFkcYtirykNkw6ib6uK4Us2Gtt9\nIDNQnbgDCMG15ZsorlOPMV3n44DiyY8pXArMhEqSkl6gm+NPT6jAIJSStkFmJz4U\n7iOuUpmdjLQ5dU1eA9movBsqSc1ejFbNvsTPyX/hh+lVVxeDsLPdtTki3C9DrxRE\n059c0eTUeCmKjUt61xD1oMyDMOIockGjTVxpLSa5S80NIaYqAZUw4o1Gp9YaM8GM\n+ToHiD9rQl12xKD94qBNYMSYyqwA6GipfnkVzDECggEBAPjS5IKavaoE9KgGCQaR\nQioLCj5Yq83WhFhmPJ7aR4yAgRR17EMZXip+Ds93x6bgg8hgIYrrTjEJFbk3EHv1\n2xotB51OtseGVLrRZD1AOl8zV5gjNFpiD5aicVyadhUzLZ9jBIMO2DGj2E6uWOqz\nxyu0y379PgYbYBsXGJO2bWCcLjYztyoAVQlHt7eKRWTD6fT8DxBqndhMIsDQbVD/\nhu8tcscy9hwE/kvppyw/YGRT9bbi+hUHxzLi5sqJm50y6rUZIcFY/SvLmMExfUYZ\nGdngegx145Pm/oip4o0LjW8/lbawiixXBVQLaCURVVHlNw68MQCmQKWYVwQUBT5V\nSGkCggEBALNiSZKH09Wz3NtyiaMPgUKMzXPcaoGG5BNpgibn5gffSwueAD2LLllt\ncu4tbz7UoHo0M7jwfrYnhuW/rO95pI1ctbD7QE6GuY5pokWE0Hd+6rwg5ZzmhXJ5\nL2VIs2RKbdBIx5cmogQ1hKMwwdrJ5fPU13VhbiMO2ZZ/tQx4UwgiaHHEStbF+luL\n6nBt1E1GqNa/pNb+uv58j6fzS6IRhIJ0kcqRe6s8apfIXzh3pZmPTcgB0W01WARK\nOsXXXUkemCQheuTCQqojtaGXZGJBCUAVhAymlMxXqwLtgieUBEM00gZQMXpTp4vM\nHLwOBX4mDp+4jahCzQQ++zXj8Afu1bM=\n-----END PRIVATE KEY-----\n",
            "public_key_fingerprint_md5": "89:ad:c1:3b:d6:d9:71:8d:ea:77:bd:e6:29:18:3c:dd",
            "public_key_fingerprint_sha256": "SHA256:Tx7sZH8S6nPjApv9+n94Ai7ljyL32v1o2CH8cCKh75c",
            "public_key_openssh": "ssh-rsa AAAAB3NzaC1yc2EAAAADAQABAAACAQDBLRfzRgLAoIqAeiSiwTDLVgjyk5QnPuLGcRmM562oEROnInPCMM0/ta7yryGasa1oc43uJ/U0AUuluql76qbVa/i8yNysnTc7sOBLDPH+77bgSkgG/ucnJ9t8kc17y6HRox+XdhsUbYHtnIkEXzxzIVcEBxz7SE9bngWlYtRc4BrsODX0vv+ZsIlMR0dap5iPLcuq5Aebik/fwHlmQPb9wpz4SOTFibJfAVZHA+M9GFUiQMj6AtqyAEqMGHTkpu1+9wEhaaANYddoyallQMnN+7vLSmyfqcQ7VcL3AeTI6TefGuGH1c5eVdM20WPlkHmOYGl2DK/uGGkBzAhJnYOVja0gIITvp0XGmFIaEN09veUcR6cizH1RHqoJcTtUStMTf9Msb/k/dFgWKDhdNoxuWTSboRsD9y0ycVa7s7azsq6quQTAK3vZIChWrBB/+AsrzP0g3NhNRTVy4SrT+KdWp3e7eDVolY9YzVqRpErW0xDycsCPAKwWBZwfrgL4PIHzhq+Fg8jBL4BQdTdG/T82XjPU1WC1r6Rv3NKMMEnZSxruZwVIQBSd/xI5iVl4BYpyQCU2vS3hzzkt06hxyjrXe6F/oEgsW8sctlnTx+pQHeV2M0z/wcDFHGd8k0qwCw4mXdZ5kfIdpGxjsS0hiUPZzCfWSISQ0y5MxSlEKiUIvQ==\n",
            "public_key_pem": "-----BEGIN PUBLIC KEY-----\nMIICIjANBgkqhkiG9w0BAQEFAAOCAg8AMIICCgKCAgEAwS0X80YCwKCKgHokosEw\ny1YI8pOUJz7ixnEZjOetqBETpyJzwjDNP7Wu8q8hmrGtaHON7if1NAFLpbqpe+qm\n1Wv4vMjcrJ03O7DgSwzx/u+24EpIBv7nJyfbfJHNe8uh0aMfl3YbFG2B7ZyJBF88\ncyFXBAcc+0hPW54FpWLUXOAa7Dg19L7/mbCJTEdHWqeYjy3LquQHm4pP38B5ZkD2\n/cKc+EjkxYmyXwFWRwPjPRhVIkDI+gLasgBKjBh05KbtfvcBIWmgDWHXaMmpZUDJ\nzfu7y0psn6nEO1XC9wHkyOk3nxrhh9XOXlXTNtFj5ZB5jmBpdgyv7hhpAcwISZ2D\nlY2tICCE76dFxphSGhDdPb3lHEenIsx9UR6qCXE7VErTE3/TLG/5P3RYFig4XTaM\nblk0m6EbA/ctMnFWu7O2s7KuqrkEwCt72SAoVqwQf/gLK8z9INzYTUU1cuEq0/in\nVqd3u3g1aJWPWM1akaRK1tMQ8nLAjwCsFgWcH64C+DyB84avhYPIwS+AUHU3Rv0/\nNl4z1NVgta+kb9zSjDBJ2Usa7mcFSEAUnf8SOYlZeAWKckAlNr0t4c85LdOocco6\n13uhf6BILFvLHLZZ08fqUB3ldjNM/8HAxRxnfJNKsAsOJl3WeZHyHaRsY7EtIYlD\n2cwn1kiEkNMuTMUpRColCL0CAwEAAQ==\n-----END PUBLIC KEY-----\n",
            "rsa_bits": 4096
          },
          "sensitive_attributes": []
        }
      ]
    }
  ],
  "check_results": null
}
